
Microsoft Visual Studio Solution File, Format Version 12.00
# Visual Studio 14
VisualStudioVersion = 14.0.25123.0
MinimumVisualStudioVersion = 10.0.40219.1
Project("{2150E333-8FDC-42A3-9474-1A3956D46DE8}") = "Solution Items", "Solution Items", "{7A38CFD3-2713-47E6-9043-56B4EEBBF085}"
	ProjectSection(SolutionItems) = preProject
		Changelog.txt = Changelog.txt
		GlobalAssemblyInfo.cs = GlobalAssemblyInfo.cs
	EndProjectSection
EndProject
Project("{FAE04EC0-301F-11D3-BF4B-00C04F79EFBC}") = "TPDev.SimpleReport.Service", "TPDev.SimpleReport.Service\TPDev.SimpleReport.Service.csproj", "{88D97DD7-185E-4A2B-B1E4-AF30DA8C450E}"
EndProject
Project("{FAE04EC0-301F-11D3-BF4B-00C04F79EFBC}") = "TPDev.SimpleReport.Viewer", "TPDev.SimpleReport.Viewer\TPDev.SimpleReport.Viewer.csproj", "{6406EEF7-10DB-42AB-ADD4-168F0DACC583}"
EndProject
Project("{FAE04EC0-301F-11D3-BF4B-00C04F79EFBC}") = "TPDev.SimpleReport.TemplateManager", "TPDev.SimpleReport.TemplateManager\TPDev.SimpleReport.TemplateManager.csproj", "{401EACBF-E860-491B-833B-4E935CA32ED3}"
EndProject
Project("{FAE04EC0-301F-11D3-BF4B-00C04F79EFBC}") = "TPDev.SimpleReport.SharedLibrary", "TPDev.SimpleReport.SharedLibrary\TPDev.SimpleReport.SharedLibrary.csproj", "{ABA4622D-CD9D-4EC9-BB9E-A879B736FAA0}"
EndProject
Project("{FAE04EC0-301F-11D3-BF4B-00C04F79EFBC}") = "TPDev.SimpleReport.Logger", "TPDev.SimpleReport.Logger\TPDev.SimpleReport.Logger.csproj", "{B73F8A0C-93F0-4F3A-AE61-AB8BFCC074DE}"
EndProject
Project("{FAE04EC0-301F-11D3-BF4B-00C04F79EFBC}") = "TestApp", "TestApp\TestApp.csproj", "{337481FD-1ADC-46F9-AF11-3A69BC7C7999}"
EndProject
Global
	GlobalSection(SolutionConfigurationPlatforms) = preSolution
		Debug|Any CPU = Debug|Any CPU
		Debug|x86 = Debug|x86
		Release|Any CPU = Release|Any CPU
		Release|x86 = Release|x86
	EndGlobalSection
	GlobalSection(ProjectConfigurationPlatforms) = postSolution
		{88D97DD7-185E-4A2B-B1E4-AF30DA8C450E}.Debug|Any CPU.ActiveCfg = Debug|Any CPU
		{88D97DD7-185E-4A2B-B1E4-AF30DA8C450E}.Debug|Any CPU.Build.0 = Debug|Any CPU
		{88D97DD7-185E-4A2B-B1E4-AF30DA8C450E}.Debug|x86.ActiveCfg = Debug|Any CPU
		{88D97DD7-185E-4A2B-B1E4-AF30DA8C450E}.Debug|x86.Build.0 = Debug|Any CPU
		{88D97DD7-185E-4A2B-B1E4-AF30DA8C450E}.Release|Any CPU.ActiveCfg = Release|Any CPU
		{88D97DD7-185E-4A2B-B1E4-AF30DA8C450E}.Release|Any CPU.Build.0 = Release|Any CPU
		{88D97DD7-185E-4A2B-B1E4-AF30DA8C450E}.Release|x86.ActiveCfg = Release|Any CPU
		{88D97DD7-185E-4A2B-B1E4-AF30DA8C450E}.Release|x86.Build.0 = Release|Any CPU
		{6406EEF7-10DB-42AB-ADD4-168F0DACC583}.Debug|Any CPU.ActiveCfg = Debug|x86
		{6406EEF7-10DB-42AB-ADD4-168F0DACC583}.Debug|Any CPU.Build.0 = Debug|x86
		{6406EEF7-10DB-42AB-ADD4-168F0DACC583}.Debug|x86.ActiveCfg = Debug|x86
		{6406EEF7-10DB-42AB-ADD4-168F0DACC583}.Debug|x86.Build.0 = Debug|x86
		{6406EEF7-10DB-42AB-ADD4-168F0DACC583}.Release|Any CPU.ActiveCfg = Release|x86
		{6406EEF7-10DB-42AB-ADD4-168F0DACC583}.Release|Any CPU.Build.0 = Release|x86
		{6406EEF7-10DB-42AB-ADD4-168F0DACC583}.Release|x86.ActiveCfg = Release|x86
		{6406EEF7-10DB-42AB-ADD4-168F0DACC583}.Release|x86.Build.0 = Release|x86
		{401EACBF-E860-491B-833B-4E935CA32ED3}.Debug|Any CPU.ActiveCfg = Debug|Any CPU
		{401EACBF-E860-491B-833B-4E935CA32ED3}.Debug|Any CPU.Build.0 = Debug|Any CPU
		{401EACBF-E860-491B-833B-4E935CA32ED3}.Debug|x86.ActiveCfg = Debug|Any CPU
		{401EACBF-E860-491B-833B-4E935CA32ED3}.Debug|x86.Build.0 = Debug|Any CPU
		{401EACBF-E860-491B-833B-4E935CA32ED3}.Release|Any CPU.ActiveCfg = Release|Any CPU
		{401EACBF-E860-491B-833B-4E935CA32ED3}.Release|Any CPU.Build.0 = Release|Any CPU
		{401EACBF-E860-491B-833B-4E935CA32ED3}.Release|x86.ActiveCfg = Release|Any CPU
		{401EACBF-E860-491B-833B-4E935CA32ED3}.Release|x86.Build.0 = Release|Any CPU
		{ABA4622D-CD9D-4EC9-BB9E-A879B736FAA0}.Debug|Any CPU.ActiveCfg = Debug|Any CPU
		{ABA4622D-CD9D-4EC9-BB9E-A879B736FAA0}.Debug|Any CPU.Build.0 = Debug|Any CPU
		{ABA4622D-CD9D-4EC9-BB9E-A879B736FAA0}.Debug|x86.ActiveCfg = Debug|Any CPU
		{ABA4622D-CD9D-4EC9-BB9E-A879B736FAA0}.Debug|x86.Build.0 = Debug|Any CPU
		{ABA4622D-CD9D-4EC9-BB9E-A879B736FAA0}.Release|Any CPU.ActiveCfg = Release|Any CPU
		{ABA4622D-CD9D-4EC9-BB9E-A879B736FAA0}.Release|Any CPU.Build.0 = Release|Any CPU
		{ABA4622D-CD9D-4EC9-BB9E-A879B736FAA0}.Release|x86.ActiveCfg = Release|Any CPU
		{ABA4622D-CD9D-4EC9-BB9E-A879B736FAA0}.Release|x86.Build.0 = Release|Any CPU
		{B73F8A0C-93F0-4F3A-AE61-AB8BFCC074DE}.Debug|Any CPU.ActiveCfg = Debug|Any CPU
		{B73F8A0C-93F0-4F3A-AE61-AB8BFCC074DE}.Debug|Any CPU.Build.0 = Debug|Any CPU
		{B73F8A0C-93F0-4F3A-AE61-AB8BFCC074DE}.Debug|x86.ActiveCfg = Debug|Any CPU
		{B73F8A0C-93F0-4F3A-AE61-AB8BFCC074DE}.Debug|x86.Build.0 = Debug|Any CPU
		{B73F8A0C-93F0-4F3A-AE61-AB8BFCC074DE}.Release|Any CPU.ActiveCfg = Release|Any CPU
		{B73F8A0C-93F0-4F3A-AE61-AB8BFCC074DE}.Release|Any CPU.Build.0 = Release|Any CPU
		{B73F8A0C-93F0-4F3A-AE61-AB8BFCC074DE}.Release|x86.ActiveCfg = Release|Any CPU
		{B73F8A0C-93F0-4F3A-AE61-AB8BFCC074DE}.Release|x86.Build.0 = Release|Any CPU
		{337481FD-1ADC-46F9-AF11-3A69BC7C7999}.Debug|Any CPU.ActiveCfg = Debug|Any CPU
		{337481FD-1ADC-46F9-AF11-3A69BC7C7999}.Debug|Any CPU.Build.0 = Debug|Any CPU
		{337481FD-1ADC-46F9-AF11-3A69BC7C7999}.Debug|x86.ActiveCfg = Debug|Any CPU
		{337481FD-1ADC-46F9-AF11-3A69BC7C7999}.Debug|x86.Build.0 = Debug|Any CPU
		{337481FD-1ADC-46F9-AF11-3A69BC7C7999}.Release|Any CPU.ActiveCfg = Release|Any CPU
		{337481FD-1ADC-46F9-AF11-3A69BC7C7999}.Release|Any CPU.Build.0 = Release|Any CPU
		{337481FD-1ADC-46F9-AF11-3A69BC7C7999}.Release|x86.ActiveCfg = Release|Any CPU
		{337481FD-1ADC-46F9-AF11-3A69BC7C7999}.Release|x86.Build.0 = Release|Any CPU
	EndGlobalSection
	GlobalSection(SolutionProperties) = preSolution
		HideSolutionNode = FALSE
	EndGlobalSection
EndGlobal
